
Microsoft Visual Studio Solution File, Format Version 12.00
# Visual Studio Version 17
VisualStudioVersion = 17.14.36518.9 d17.14
MinimumVisualStudioVersion = 10.0.40219.1
Project("{FAE04EC0-301F-11D3-BF4B-00C04F79EFBC}") = "MuntiRomania", "MuntiRomania.csproj", "{0DE6A56B-8CDF-41F5-9D71-35AB418A8ED8}"
EndProject
Global
	GlobalSection(SolutionConfigurationPlatforms) = preSolution
		Debug|Any CPU = Debug|Any CPU
		Release|Any CPU = Release|Any CPU
	EndGlobalSection
	GlobalSection(ProjectConfigurationPlatforms) = postSolution
		{0DE6A56B-8CDF-41F5-9D71-35AB418A8ED8}.Debug|Any CPU.ActiveCfg = Debug|Any CPU
		{0DE6A56B-8CDF-41F5-9D71-35AB418A8ED8}.Debug|Any CPU.Build.0 = Debug|Any CPU
		{0DE6A56B-8CDF-41F5-9D71-35AB418A8ED8}.Release|Any CPU.ActiveCfg = Release|Any CPU
		{0DE6A56B-8CDF-41F5-9D71-35AB418A8ED8}.Release|Any CPU.Build.0 = Release|Any CPU
	EndGlobalSection
	GlobalSection(SolutionProperties) = preSolution
		HideSolutionNode = FALSE
	EndGlobalSection
	GlobalSection(ExtensibilityGlobals) = postSolution
		SolutionGuid = {2731DB8A-78B5-4944-B290-CE62A21A987B}
	EndGlobalSection
EndGlobal
